
Microsoft Visual Studio Solution File, Format Version 11.00
# Visual Studio 2010
Project("{2150E333-8FDC-42A3-9474-1A3956D46DE8}") = "Configuration", "Configuration", "{5A0FC70C-1C4B-486A-9230-34A219EAEA2F}"
	ProjectSection(SolutionItems) = preProject
		Configuration\Arc.snk = Configuration\Arc.snk
	EndProjectSection
EndProject
Project("{2150E333-8FDC-42A3-9474-1A3956D46DE8}") = "Source", "Source", "{41AE4800-1C86-40EF-BD2E-5271936FC808}"
EndProject
Project("{2150E333-8FDC-42A3-9474-1A3956D46DE8}") = "Tests", "Tests", "{8C20F3F2-0E2E-4F58-8E4F-A20E921A7728}"
EndProject
Project("{2150E333-8FDC-42A3-9474-1A3956D46DE8}") = "Integration", "Integration", "{9C3AA209-6672-45E4-8D4B-1FCA795A8168}"
EndProject
Project("{FAE04EC0-301F-11D3-BF4B-00C04F79EFBC}") = "Arc.Infrastructure", "Source\Arc.Infrastructure\Arc.Infrastructure.csproj", "{F815EB09-BB4F-4011-82A3-03774C64CE20}"
EndProject
Project("{FAE04EC0-301F-11D3-BF4B-00C04F79EFBC}") = "Arc.Domain", "Source\Arc.Domain\Arc.Domain.csproj", "{DFBFA36C-C313-4FF2-A1C4-21FA13520536}"
EndProject
Project("{FAE04EC0-301F-11D3-BF4B-00C04F79EFBC}") = "Arc.Unit.Tests", "Tests\Arc.Unit.Tests\Arc.Unit.Tests.csproj", "{A765671D-1D0A-4CFE-8993-2693DEB854E8}"
EndProject
Project("{FAE04EC0-301F-11D3-BF4B-00C04F79EFBC}") = "Arc.Integration.Tests", "Tests\Arc.Integration.Tests\Arc.Integration.Tests.csproj", "{FBC13603-AD63-4E70-B25C-F74070B00DC6}"
EndProject
Project("{FAE04EC0-301F-11D3-BF4B-00C04F79EFBC}") = "Arc.Learning.Tests", "Tests\Arc.Learning.Tests\Arc.Learning.Tests.csproj", "{FE6D3B01-7816-4B72-9181-168AD75D3AD4}"
EndProject
Project("{FAE04EC0-301F-11D3-BF4B-00C04F79EFBC}") = "Arc.Infrastructure.Dependencies.Ninject", "Source\Arc.Infrastructure.Dependencies.Ninject\Arc.Infrastructure.Dependencies.Ninject.csproj", "{BB9B2E5D-07B3-40AC-A8EB-B7081E1A1171}"
EndProject
Project("{FAE04EC0-301F-11D3-BF4B-00C04F79EFBC}") = "Arc.Infrastructure.Logging.Log4Net", "Source\Arc.Infrastructure.Logging.Log4Net\Arc.Infrastructure.Logging.Log4Net.csproj", "{C5FE62B2-9AAF-42A4-8185-2D3F86DB6102}"
EndProject
Project("{FAE04EC0-301F-11D3-BF4B-00C04F79EFBC}") = "Arc.Infrastructure.Dependencies.StructureMap", "Source\Arc.Infrastructure.Dependencies.StructureMap\Arc.Infrastructure.Dependencies.StructureMap.csproj", "{DE37A51C-1BD2-4AE6-9CCA-EC3C5B93F5EE}"
EndProject
Project("{FAE04EC0-301F-11D3-BF4B-00C04F79EFBC}") = "Arc.Infrastructure.Dependencies.CastleWindsor", "Source\Arc.Infrastructure.Dependencies.CastleWindsor\Arc.Infrastructure.Dependencies.CastleWindsor.csproj", "{0A7EC48D-2A31-498A-A503-FA6A2EAF3949}"
EndProject
Project("{FAE04EC0-301F-11D3-BF4B-00C04F79EFBC}") = "Arc.Infrastructure.Data.NHibernate", "Source\Arc.Infrastructure.Data.NHibernate\Arc.Infrastructure.Data.NHibernate.csproj", "{820F4A44-E9EF-41C9-830A-26F6B290431F}"
EndProject
Project("{FAE04EC0-301F-11D3-BF4B-00C04F79EFBC}") = "Arc.Infrastructure.Validation.FluentValidation", "Source\Arc.Infrastructure.Validation.FluentValidation\Arc.Infrastructure.Validation.FluentValidation.csproj", "{F90247AA-0927-4AD9-8FA5-85A21B211AF7}"
EndProject
Project("{FAE04EC0-301F-11D3-BF4B-00C04F79EFBC}") = "Arc.Infrastructure.Validation.NHibernateValidator", "Source\Arc.Infrastructure.Validation.NHibernateValidator\Arc.Infrastructure.Validation.NHibernateValidator.csproj", "{88C4282E-29BE-4D8A-BBEA-B82A2AEEC8E6}"
EndProject
Project("{FAE04EC0-301F-11D3-BF4B-00C04F79EFBC}") = "Arc.Infrastructure.Presentation.Mvc", "Source\Arc.Infrastructure.Presentation.Mvc\Arc.Infrastructure.Presentation.Mvc.csproj", "{9173994F-C413-4B4B-9831-978A1319A030}"
EndProject
Project("{FAE04EC0-301F-11D3-BF4B-00C04F79EFBC}") = "Arc.Infrastructure.Presentation.Mvp", "Source\Arc.Infrastructure.Presentation.Mvp\Arc.Infrastructure.Presentation.Mvp.csproj", "{9C458400-AACB-482E-81DE-7ED7B41FA52A}"
EndProject
Project("{FAE04EC0-301F-11D3-BF4B-00C04F79EFBC}") = "Arc.Infrastructure.Mapping.AutoMapper", "Source\Arc.Infrastructure.Mapping.AutoMapper\Arc.Infrastructure.Mapping.AutoMapper.csproj", "{076FABBF-5718-4EBC-A03C-6858E2FCD03F}"
EndProject
Global
	GlobalSection(SolutionConfigurationPlatforms) = preSolution
		Debug|Any CPU = Debug|Any CPU
		Release|Any CPU = Release|Any CPU
	EndGlobalSection
	GlobalSection(ProjectConfigurationPlatforms) = postSolution
		{F815EB09-BB4F-4011-82A3-03774C64CE20}.Debug|Any CPU.ActiveCfg = Debug|Any CPU
		{F815EB09-BB4F-4011-82A3-03774C64CE20}.Debug|Any CPU.Build.0 = Debug|Any CPU
		{F815EB09-BB4F-4011-82A3-03774C64CE20}.Release|Any CPU.ActiveCfg = Release|Any CPU
		{F815EB09-BB4F-4011-82A3-03774C64CE20}.Release|Any CPU.Build.0 = Release|Any CPU
		{DFBFA36C-C313-4FF2-A1C4-21FA13520536}.Debug|Any CPU.ActiveCfg = Debug|Any CPU
		{DFBFA36C-C313-4FF2-A1C4-21FA13520536}.Debug|Any CPU.Build.0 = Debug|Any CPU
		{DFBFA36C-C313-4FF2-A1C4-21FA13520536}.Release|Any CPU.ActiveCfg = Release|Any CPU
		{DFBFA36C-C313-4FF2-A1C4-21FA13520536}.Release|Any CPU.Build.0 = Release|Any CPU
		{A765671D-1D0A-4CFE-8993-2693DEB854E8}.Debug|Any CPU.ActiveCfg = Debug|Any CPU
		{A765671D-1D0A-4CFE-8993-2693DEB854E8}.Debug|Any CPU.Build.0 = Debug|Any CPU
		{A765671D-1D0A-4CFE-8993-2693DEB854E8}.Release|Any CPU.ActiveCfg = Release|Any CPU
		{A765671D-1D0A-4CFE-8993-2693DEB854E8}.Release|Any CPU.Build.0 = Release|Any CPU
		{FBC13603-AD63-4E70-B25C-F74070B00DC6}.Debug|Any CPU.ActiveCfg = Debug|Any CPU
		{FBC13603-AD63-4E70-B25C-F74070B00DC6}.Debug|Any CPU.Build.0 = Debug|Any CPU
		{FBC13603-AD63-4E70-B25C-F74070B00DC6}.Release|Any CPU.ActiveCfg = Release|Any CPU
		{FBC13603-AD63-4E70-B25C-F74070B00DC6}.Release|Any CPU.Build.0 = Release|Any CPU
		{FE6D3B01-7816-4B72-9181-168AD75D3AD4}.Debug|Any CPU.ActiveCfg = Debug|Any CPU
		{FE6D3B01-7816-4B72-9181-168AD75D3AD4}.Debug|Any CPU.Build.0 = Debug|Any CPU
		{FE6D3B01-7816-4B72-9181-168AD75D3AD4}.Release|Any CPU.ActiveCfg = Release|Any CPU
		{FE6D3B01-7816-4B72-9181-168AD75D3AD4}.Release|Any CPU.Build.0 = Release|Any CPU
		{BB9B2E5D-07B3-40AC-A8EB-B7081E1A1171}.Debug|Any CPU.ActiveCfg = Debug|Any CPU
		{BB9B2E5D-07B3-40AC-A8EB-B7081E1A1171}.Debug|Any CPU.Build.0 = Debug|Any CPU
		{BB9B2E5D-07B3-40AC-A8EB-B7081E1A1171}.Release|Any CPU.ActiveCfg = Release|Any CPU
		{BB9B2E5D-07B3-40AC-A8EB-B7081E1A1171}.Release|Any CPU.Build.0 = Release|Any CPU
		{C5FE62B2-9AAF-42A4-8185-2D3F86DB6102}.Debug|Any CPU.ActiveCfg = Debug|Any CPU
		{C5FE62B2-9AAF-42A4-8185-2D3F86DB6102}.Debug|Any CPU.Build.0 = Debug|Any CPU
		{C5FE62B2-9AAF-42A4-8185-2D3F86DB6102}.Release|Any CPU.ActiveCfg = Release|Any CPU
		{C5FE62B2-9AAF-42A4-8185-2D3F86DB6102}.Release|Any CPU.Build.0 = Release|Any CPU
		{DE37A51C-1BD2-4AE6-9CCA-EC3C5B93F5EE}.Debug|Any CPU.ActiveCfg = Debug|Any CPU
		{DE37A51C-1BD2-4AE6-9CCA-EC3C5B93F5EE}.Debug|Any CPU.Build.0 = Debug|Any CPU
		{DE37A51C-1BD2-4AE6-9CCA-EC3C5B93F5EE}.Release|Any CPU.ActiveCfg = Release|Any CPU
		{DE37A51C-1BD2-4AE6-9CCA-EC3C5B93F5EE}.Release|Any CPU.Build.0 = Release|Any CPU
		{0A7EC48D-2A31-498A-A503-FA6A2EAF3949}.Debug|Any CPU.ActiveCfg = Debug|Any CPU
		{0A7EC48D-2A31-498A-A503-FA6A2EAF3949}.Debug|Any CPU.Build.0 = Debug|Any CPU
		{0A7EC48D-2A31-498A-A503-FA6A2EAF3949}.Release|Any CPU.ActiveCfg = Release|Any CPU
		{0A7EC48D-2A31-498A-A503-FA6A2EAF3949}.Release|Any CPU.Build.0 = Release|Any CPU
		{820F4A44-E9EF-41C9-830A-26F6B290431F}.Debug|Any CPU.ActiveCfg = Debug|Any CPU
		{820F4A44-E9EF-41C9-830A-26F6B290431F}.Debug|Any CPU.Build.0 = Debug|Any CPU
		{820F4A44-E9EF-41C9-830A-26F6B290431F}.Release|Any CPU.ActiveCfg = Release|Any CPU
		{820F4A44-E9EF-41C9-830A-26F6B290431F}.Release|Any CPU.Build.0 = Release|Any CPU
		{F90247AA-0927-4AD9-8FA5-85A21B211AF7}.Debug|Any CPU.ActiveCfg = Debug|Any CPU
		{F90247AA-0927-4AD9-8FA5-85A21B211AF7}.Debug|Any CPU.Build.0 = Debug|Any CPU
		{F90247AA-0927-4AD9-8FA5-85A21B211AF7}.Release|Any CPU.ActiveCfg = Release|Any CPU
		{F90247AA-0927-4AD9-8FA5-85A21B211AF7}.Release|Any CPU.Build.0 = Release|Any CPU
		{88C4282E-29BE-4D8A-BBEA-B82A2AEEC8E6}.Debug|Any CPU.ActiveCfg = Debug|Any CPU
		{88C4282E-29BE-4D8A-BBEA-B82A2AEEC8E6}.Debug|Any CPU.Build.0 = Debug|Any CPU
		{88C4282E-29BE-4D8A-BBEA-B82A2AEEC8E6}.Release|Any CPU.ActiveCfg = Release|Any CPU
		{88C4282E-29BE-4D8A-BBEA-B82A2AEEC8E6}.Release|Any CPU.Build.0 = Release|Any CPU
		{9173994F-C413-4B4B-9831-978A1319A030}.Debug|Any CPU.ActiveCfg = Debug|Any CPU
		{9173994F-C413-4B4B-9831-978A1319A030}.Debug|Any CPU.Build.0 = Debug|Any CPU
		{9173994F-C413-4B4B-9831-978A1319A030}.Release|Any CPU.ActiveCfg = Release|Any CPU
		{9173994F-C413-4B4B-9831-978A1319A030}.Release|Any CPU.Build.0 = Release|Any CPU
		{9C458400-AACB-482E-81DE-7ED7B41FA52A}.Debug|Any CPU.ActiveCfg = Debug|Any CPU
		{9C458400-AACB-482E-81DE-7ED7B41FA52A}.Debug|Any CPU.Build.0 = Debug|Any CPU
		{9C458400-AACB-482E-81DE-7ED7B41FA52A}.Release|Any CPU.ActiveCfg = Release|Any CPU
		{9C458400-AACB-482E-81DE-7ED7B41FA52A}.Release|Any CPU.Build.0 = Release|Any CPU
		{076FABBF-5718-4EBC-A03C-6858E2FCD03F}.Debug|Any CPU.ActiveCfg = Debug|Any CPU
		{076FABBF-5718-4EBC-A03C-6858E2FCD03F}.Debug|Any CPU.Build.0 = Debug|Any CPU
		{076FABBF-5718-4EBC-A03C-6858E2FCD03F}.Release|Any CPU.ActiveCfg = Release|Any CPU
		{076FABBF-5718-4EBC-A03C-6858E2FCD03F}.Release|Any CPU.Build.0 = Release|Any CPU
	EndGlobalSection
	GlobalSection(SolutionProperties) = preSolution
		HideSolutionNode = FALSE
	EndGlobalSection
	GlobalSection(NestedProjects) = preSolution
		{9C3AA209-6672-45E4-8D4B-1FCA795A8168} = {41AE4800-1C86-40EF-BD2E-5271936FC808}
		{F815EB09-BB4F-4011-82A3-03774C64CE20} = {41AE4800-1C86-40EF-BD2E-5271936FC808}
		{DFBFA36C-C313-4FF2-A1C4-21FA13520536} = {41AE4800-1C86-40EF-BD2E-5271936FC808}
		{A765671D-1D0A-4CFE-8993-2693DEB854E8} = {8C20F3F2-0E2E-4F58-8E4F-A20E921A7728}
		{FBC13603-AD63-4E70-B25C-F74070B00DC6} = {8C20F3F2-0E2E-4F58-8E4F-A20E921A7728}
		{FE6D3B01-7816-4B72-9181-168AD75D3AD4} = {8C20F3F2-0E2E-4F58-8E4F-A20E921A7728}
		{BB9B2E5D-07B3-40AC-A8EB-B7081E1A1171} = {9C3AA209-6672-45E4-8D4B-1FCA795A8168}
		{C5FE62B2-9AAF-42A4-8185-2D3F86DB6102} = {9C3AA209-6672-45E4-8D4B-1FCA795A8168}
		{DE37A51C-1BD2-4AE6-9CCA-EC3C5B93F5EE} = {9C3AA209-6672-45E4-8D4B-1FCA795A8168}
		{0A7EC48D-2A31-498A-A503-FA6A2EAF3949} = {9C3AA209-6672-45E4-8D4B-1FCA795A8168}
		{820F4A44-E9EF-41C9-830A-26F6B290431F} = {9C3AA209-6672-45E4-8D4B-1FCA795A8168}
		{F90247AA-0927-4AD9-8FA5-85A21B211AF7} = {9C3AA209-6672-45E4-8D4B-1FCA795A8168}
		{88C4282E-29BE-4D8A-BBEA-B82A2AEEC8E6} = {9C3AA209-6672-45E4-8D4B-1FCA795A8168}
		{9173994F-C413-4B4B-9831-978A1319A030} = {9C3AA209-6672-45E4-8D4B-1FCA795A8168}
		{9C458400-AACB-482E-81DE-7ED7B41FA52A} = {9C3AA209-6672-45E4-8D4B-1FCA795A8168}
		{076FABBF-5718-4EBC-A03C-6858E2FCD03F} = {9C3AA209-6672-45E4-8D4B-1FCA795A8168}
	EndGlobalSection
EndGlobal
